// !$*UTF8*$!
{
	archiveVersion = 1;
	classes = {
	};
	objectVersion = 50;
	objects = {

/* Begin PBXBuildFile section */
		71670184236C07FA009A371F /* AppDelegate.m in Sources */ = {isa = PBXBuildFile; fileRef = 71670183236C07FA009A371F /* AppDelegate.m */; };
		7167018A236C07FA009A371F /* ViewController.m in Sources */ = {isa = PBXBuildFile; fileRef = 71670189236C07FA009A371F /* ViewController.m */; };
		7167018D236C07FA009A371F /* Main.storyboard in Resources */ = {isa = PBXBuildFile; fileRef = 7167018B236C07FA009A371F /* Main.storyboard */; };
		7167018F236C07FC009A371F /* Assets.xcassets in Resources */ = {isa = PBXBuildFile; fileRef = 7167018E236C07FC009A371F /* Assets.xcassets */; };
		71670192236C07FC009A371F /* LaunchScreen.storyboard in Resources */ = {isa = PBXBuildFile; fileRef = 71670190236C07FC009A371F /* LaunchScreen.storyboard */; };
		71670195236C07FC009A371F /* main.m in Sources */ = {isa = PBXBuildFile; fileRef = 71670194236C07FC009A371F /* main.m */; };
		7167019D236C083F009A371F /* WKWebView+YCCookie.m in Sources */ = {isa = PBXBuildFile; fileRef = 7167019C236C083F009A371F /* WKWebView+YCCookie.m */; };
		7167019F236C0AA1009A371F /* YCCookie.js in Resources */ = {isa = PBXBuildFile; fileRef = 7167019E236C0AA1009A371F /* YCCookie.js */; };
/* End PBXBuildFile section */

/* Begin PBXFileReference section */
		7167017F236C07FA009A371F /* YCCookie.app */ = {isa = PBXFileReference; explicitFileType = wrapper.application; includeInIndex = 0; path = YCCookie.app; sourceTree = BUILT_PRODUCTS_DIR; };
		71670182236C07FA009A371F /* AppDelegate.h */ = {isa = PBXFileReference; lastKnownFileType = sourcecode.c.h; path = AppDelegate.h; sourceTree = "<group>"; };
		71670183236C07FA009A371F /* AppDelegate.m */ = {isa = PBXFileReference; lastKnownFileType = sourcecode.c.objc; path = AppDelegate.m; sourceTree = "<group>"; };
		71670188236C07FA009A371F /* ViewController.h */ = {isa = PBXFileReference; lastKnownFileType = sourcecode.c.h; path = ViewController.h; sourceTree = "<group>"; };
		71670189236C07FA009A371F /* ViewController.m */ = {isa = PBXFileReference; lastKnownFileType = sourcecode.c.objc; path = ViewController.m; sourceTree = "<group>"; };
		7167018C236C07FA009A371F /* Base */ = {isa = PBXFileReference; lastKnownFileType = file.storyboard; name = Base; path = Base.lproj/Main.storyboard; sourceTree = "<group>"; };
		7167018E236C07FC009A371F /* Assets.xcassets */ = {isa = PBXFileReference; lastKnownFileType = folder.assetcatalog; path = Assets.xcassets; sourceTree = "<group>"; };
		71670191236C07FC009A371F /* Base */ = {isa = PBXFileReference; lastKnownFileType = file.storyboard; name = Base; path = Base.lproj/LaunchScreen.storyboard; sourceTree = "<group>"; };
		71670193236C07FC009A371F /* Info.plist */ = {isa = PBXFileReference; lastKnownFileType = text.plist.xml; path = Info.plist; sourceTree = "<group>"; };
		71670194236C07FC009A371F /* main.m */ = {isa = PBXFileReference; lastKnownFileType = sourcecode.c.objc; path = main.m; sourceTree = "<group>"; };
		7167019B236C083F009A371F /* WKWebView+YCCookie.h */ = {isa = PBXFileReference; lastKnownFileType = sourcecode.c.h; path = "WKWebView+YCCookie.h"; sourceTree = "<group>"; };
		7167019C236C083F009A371F /* WKWebView+YCCookie.m */ = {isa = PBXFileReference; lastKnownFileType = sourcecode.c.objc; path = "WKWebView+YCCookie.m"; sourceTree = "<group>"; };
		7167019E236C0AA1009A371F /* YCCookie.js */ = {isa = PBXFileReference; fileEncoding = 4; lastKnownFileType = sourcecode.javascript; path = YCCookie.js; sourceTree = "<group>"; };
/* End PBXFileReference section */

/* Begin PBXFrameworksBuildPhase section */
		7167017C236C07FA009A371F /* Frameworks */ = {
			isa = PBXFrameworksBuildPhase;
			buildActionMask = 2147483647;
			files = (
			);
			runOnlyForDeploymentPostprocessing = 0;
		};
/* End PBXFrameworksBuildPhase section */

/* Begin PBXGroup section */
		71670176236C07FA009A371F = {
			isa = PBXGroup;
			children = (
				71670181236C07FA009A371F /* YCCookie */,
				71670180236C07FA009A371F /* Products */,
			);
			sourceTree = "<group>";
		};
		71670180236C07FA009A371F /* Products */ = {
			isa = PBXGroup;
			children = (
				7167017F236C07FA009A371F /* YCCookie.app */,
			);
			name = Products;
			sourceTree = "<group>";
		};
		71670181236C07FA009A371F /* YCCookie */ = {
			isa = PBXGroup;
			children = (
				71670182236C07FA009A371F /* AppDelegate.h */,
				71670183236C07FA009A371F /* AppDelegate.m */,
				71670188236C07FA009A371F /* ViewController.h */,
				71670189236C07FA009A371F /* ViewController.m */,
				7167019E236C0AA1009A371F /* YCCookie.js */,
				7167019B236C083F009A371F /* WKWebView+YCCookie.h */,
				7167019C236C083F009A371F /* WKWebView+YCCookie.m */,
				7167018B236C07FA009A371F /* Main.storyboard */,
				7167018E236C07FC009A371F /* Assets.xcassets */,
				71670190236C07FC009A371F /* LaunchScreen.storyboard */,
				71670193236C07FC009A371F /* Info.plist */,
				71670194236C07FC009A371F /* main.m */,
			);
			path = YCCookie;
			sourceTree = "<group>";
		};
/* End PBXGroup section */

/* Begin PBXNativeTarget section */
		7167017E236C07FA009A371F /* YCCookie */ = {
			isa = PBXNativeTarget;
			buildConfigurationList = 71670198236C07FC009A371F /* Build configuration list for PBXNativeTarget "YCCookie" */;
			buildPhases = (
				7167017B236C07FA009A371F /* Sources */,
				7167017C236C07FA009A371F /* Frameworks */,
				7167017D236C07FA009A371F /* Resources */,
			);
			buildRules = (
			);
			dependencies = (
			);
			name = YCCookie;
			productName = YCCookie;
			productReference = 7167017F236C07FA009A371F /* YCCookie.app */;
			productType = "com.apple.product-type.application";
		};
/* End PBXNativeTarget section */

/* Begin PBXProject section */
		71670177236C07FA009A371F /* Project object */ = {
			isa = PBXProject;
			attributes = {
				LastUpgradeCheck = 1110;
				TargetAttributes = {
					7167017E236C07FA009A371F = {
						CreatedOnToolsVersion = 11.1;
					};
				};
			};
			buildConfigurationList = 7167017A236C07FA009A371F /* Build configuration list for PBXProject "YCCookie" */;
			compatibilityVersion = "Xcode 9.3";
			developmentRegion = en;
			hasScannedForEncodings = 0;
			knownRegions = (
				en,
				Base,
			);
			mainGroup = 71670176236C07FA009A371F;
			productRefGroup = 71670180236C07FA009A371F /* Products */;
			projectDirPath = "";
			projectRoot = "";
			targets = (
				7167017E236C07FA009A371F /* YCCookie */,
			);
		};
/* End PBXProject section */

/* Begin PBXResourcesBuildPhase section */
		7167017D236C07FA009A371F /* Resources */ = {
			isa = PBXResourcesBuildPhase;
			buildActionMask = 2147483647;
			files = (
				71670192236C07FC009A371F /* LaunchScreen.storyboard in Resources */,
				7167019F236C0AA1009A371F /* YCCookie.js in Resources */,
				7167018F236C07FC009A371F /* Assets.xcassets in Resources */,
				7167018D236C07FA009A371F /* Main.storyboard in Resources */,
			);
			runOnlyForDeploymentPostprocessing = 0;
		};
/* End PBXResourcesBuildPhase section */

/* Begin PBXSourcesBuildPhase section */
		7167017B236C07FA009A371F /* Sources */ = {
			isa = PBXSourcesBuildPhase;
			buildActionMask = 2147483647;
			files = (
				7167019D236C083F009A371F /* WKWebView+YCCookie.m in Sources */,
				7167018A236C07FA009A371F /* ViewController.m in Sources */,
				71670184236C07FA009A371F /* AppDelegate.m in Sources */,
				71670195236C07FC009A371F /* main.m in Sources */,
			);
			runOnlyForDeploymentPostprocessing = 0;
		};
/* End PBXSourcesBuildPhase section */

/* Begin PBXVariantGroup section */
		7167018B236C07FA009A371F /* Main.storyboard */ = {
			isa = PBXVariantGroup;
			children = (
				7167018C236C07FA009A371F /* Base */,
			);
			name = Main.storyboard;
			sourceTree = "<group>";
		};
		71670190236C07FC009A371F /* LaunchScreen.storyboard */ = {
			isa = PBXVariantGroup;
			children = (
				71670191236C07FC009A371F /* Base */,
			);
			name = LaunchScreen.storyboard;
			sourceTree = "<group>";
		};
/* End PBXVariantGroup section */

/* Begin XCBuildConfiguration section */
		71670196236C07FC009A371F /* Debug */ = {
			isa = XCBuildConfiguration;
			buildSettings = {
				ALWAYS_SEARCH_USER_PATHS = NO;
				CLANG_ANALYZER_NONNULL = YES;
				CLANG_ANALYZER_NUMBER_OBJECT_CONVERSION = YES_AGGRESSIVE;
				CLANG_CXX_LANGUAGE_STANDARD = "gnu++14";
				CLANG_CXX_LIBRARY = "libc++";
				CLANG_ENABLE_MODULES = YES;
				CLANG_ENABLE_OBJC_ARC = YES;
				CLANG_ENABLE_OBJC_WEAK = YES;
				CLANG_WARN_BLOCK_CAPTURE_AUTORELEASING = YES;
				CLANG_WARN_BOOL_CONVERSION = YES;
				CLANG_WARN_COMMA = YES;
				CLANG_WARN_CONSTANT_CONVERSION = YES;
				CLANG_WARN_DEPRECATED_OBJC_IMPLEMENTATIONS = YES;
				CLANG_WARN_DIRECT_OBJC_ISA_USAGE = YES_ERROR;
				CLANG_WARN_DOCUMENTATION_COMMENTS = YES;
				CLANG_WARN_EMPTY_BODY = YES;
				CLANG_WARN_ENUM_CONVERSION = YES;
				CLANG_WARN_INFINITE_RECURSION = YES;
				CLANG_WARN_INT_CONVERSION = YES;
				CLANG_WARN_NON_LITERAL_NULL_CONVERSION = YES;
				CLANG_WARN_OBJC_IMPLICIT_RETAIN_SELF = YES;
				CLANG_WARN_OBJC_LITERAL_CONVERSION = YES;
				CLANG_WARN_OBJC_ROOT_CLASS = YES_ERROR;
				CLANG_WARN_RANGE_LOOP_ANALYSIS = YES;
				CLANG_WARN_STRICT_PROTOTYPES = YES;
				CLANG_WARN_SUSPICIOUS_MOVE = YES;
				CLANG_WARN_UNGUARDED_AVAILABILITY = YES_AGGRESSIVE;
				CLANG_WARN_UNREACHABLE_CODE = YES;
				CLANG_WARN__DUPLICATE_METHOD_MATCH = YES;
				COPY_PHASE_STRIP = NO;
				DEBUG_INFORMATION_FORMAT = dwarf;
				ENABLE_STRICT_OBJC_MSGSEND = YES;
				ENABLE_TESTABILITY = YES;
				GCC_C_LANGUAGE_STANDARD = gnu11;
				GCC_DYNAMIC_NO_PIC = NO;
				GCC_NO_COMMON_BLOCKS = YES;
				GCC_OPTIMIZATION_LEVEL = 0;
				GCC_PREPROCESSOR_DEFINITIONS = (
					"DEBUG=1",
					"$(inherited)",
				);
				GCC_WARN_64_TO_32_BIT_CONVERSION = YES;
				GCC_WARN_ABOUT_RETURN_TYPE = YES_ERROR;
				GCC_WARN_UNDECLARED_SELECTOR = YES;
				GCC_WARN_UNINITIALIZED_AUTOS = YES_AGGRESSIVE;
				GCC_WARN_UNUSED_FUNCTION = YES;
				GCC_WARN_UNUSED_VARIABLE = YES;
				IPHONEOS_DEPLOYMENT_TARGET = 10.0;
				MTL_ENABLE_DEBUG_INFO = INCLUDE_SOURCE;
				MTL_FAST_MATH = YES;
				ONLY_ACTIVE_ARCH = YES;
				SDKROOT = iphoneos;
			};
			name = Debug;
		};
		71670197236C07FC009A371F /* Release */ = {
			isa = XCBuildConfiguration;
			buildSettings = {
				ALWAYS_SEARCH_USER_PATHS = NO;
				CLANG_ANALYZER_NONNULL = YES;
				CLANG_ANALYZER_NUMBER_OBJECT_CONVERSION = YES_AGGRESSIVE;
				CLANG_CXX_LANGUAGE_STANDARD = "gnu++14";
				CLANG_CXX_LIBRARY = "libc++";
				CLANG_ENABLE_MODULES = YES;
				CLANG_ENABLE_OBJC_ARC = YES;
				CLANG_ENABLE_OBJC_WEAK = YES;
				CLANG_WARN_BLOCK_CAPTURE_AUTORELEASING = YES;
				CLANG_WARN_BOOL_CONVERSION = YES;
				CLANG_WARN_COMMA = YES;
				CLANG_WARN_CONSTANT_CONVERSION = YES;
				CLANG_WARN_DEPRECATED_OBJC_IMPLEMENTATIONS = YES;
				CLANG_WARN_DIRECT_OBJC_ISA_USAGE = YES_ERROR;
				CLANG_WARN_DOCUMENTATION_COMMENTS = YES;
				CLANG_WARN_EMPTY_BODY = YES;
				CLANG_WARN_ENUM_CONVERSION = YES;
				CLANG_WARN_INFINITE_RECURSION = YES;
				CLANG_WARN_INT_CONVERSION = YES;
				CLANG_WARN_NON_LITERAL_NULL_CONVERSION = YES;
				CLANG_WARN_OBJC_IMPLICIT_RETAIN_SELF = YES;
				CLANG_WARN_OBJC_LITERAL_CONVERSION = YES;
				CLANG_WARN_OBJC_ROOT_CLASS = YES_ERROR;
				CLANG_WARN_RANGE_LOOP_ANALYSIS = YES;
				CLANG_WARN_STRICT_PROTOTYPES = YES;
				CLANG_WARN_SUSPICIOUS_MOVE = YES;
				CLANG_WARN_UNGUARDED_AVAILABILITY = YES_AGGRESSIVE;
				CLANG_WARN_UNREACHABLE_CODE = YES;
				CLANG_WARN__DUPLICATE_METHOD_MATCH = YES;
				COPY_PHASE_STRIP = NO;
				DEBUG_INFORMATION_FORMAT = "dwarf-with-dsym";
				ENABLE_NS_ASSERTIONS = NO;
				ENABLE_STRICT_OBJC_MSGSEND = YES;
				GCC_C_LANGUAGE_STANDARD = gnu11;
				GCC_NO_COMMON_BLOCKS = YES;
				GCC_WARN_64_TO_32_BIT_CONVERSION = YES;
				GCC_WARN_ABOUT_RETURN_TYPE = YES_ERROR;
				GCC_WARN_UNDECLARED_SELECTOR = YES;
				GCC_WARN_UNINITIALIZED_AUTOS = YES_AGGRESSIVE;
				GCC_WARN_UNUSED_FUNCTION = YES;
				GCC_WARN_UNUSED_VARIABLE = YES;
				IPHONEOS_DEPLOYMENT_TARGET = 10.0;
				MTL_ENABLE_DEBUG_INFO = NO;
				MTL_FAST_MATH = YES;
				SDKROOT = iphoneos;
				VALIDATE_PRODUCT = YES;
			};
			name = Release;
		};
		71670199236C07FC009A371F /* Debug */ = {
			isa = XCBuildConfiguration;
			buildSettings = {
				ASSETCATALOG_COMPILER_APPICON_NAME = AppIcon;
				CODE_SIGN_STYLE = Automatic;
				INFOPLIST_FILE = YCCookie/Info.plist;
				IPHONEOS_DEPLOYMENT_TARGET = 10.0;
				LD_RUNPATH_SEARCH_PATHS = (
					"$(inherited)",
					"@executable_path/Frameworks",
				);
				PRODUCT_BUNDLE_IDENTIFIER = com.fancy.YCCookie;
				PRODUCT_NAME = "$(TARGET_NAME)";
				TARGETED_DEVICE_FAMILY = 1;
			};
			name = Debug;
		};
		7167019A236C07FC009A371F /* Release */ = {
			isa = XCBuildConfiguration;
			buildSettings = {
				ASSETCATALOG_COMPILER_APPICON_NAME = AppIcon;
				CODE_SIGN_STYLE = Automatic;
				INFOPLIST_FILE = YCCookie/Info.plist;
				IPHONEOS_DEPLOYMENT_TARGET = 10.0;
				LD_RUNPATH_SEARCH_PATHS = (
					"$(inherited)",
					"@executable_path/Frameworks",
				);
				PRODUCT_BUNDLE_IDENTIFIER = com.fancy.YCCookie;
				PRODUCT_NAME = "$(TARGET_NAME)";
				TARGETED_DEVICE_FAMILY = 1;
			};
			name = Release;
		};
/* End XCBuildConfiguration section */

/* Begin XCConfigurationList section */
		7167017A236C07FA009A371F /* Build configuration list for PBXProject "YCCookie" */ = {
			isa = XCConfigurationList;
			buildConfigurations = (
				71670196236C07FC009A371F /* Debug */,
				71670197236C07FC009A371F /* Release */,
			);
			defaultConfigurationIsVisible = 0;
			defaultConfigurationName = Release;
		};
		71670198236C07FC009A371F /* Build configuration list for PBXNativeTarget "YCCookie" */ = {
			isa = XCConfigurationList;
			buildConfigurations = (
				71670199236C07FC009A371F /* Debug */,
				7167019A236C07FC009A371F /* Release */,
			);
			defaultConfigurationIsVisible = 0;
			defaultConfigurationName = Release;
		};
/* End XCConfigurationList section */
	};
	rootObject = 71670177236C07FA009A371F /* Project object */;
}
